// !$*UTF8*$!
{
	archiveVersion = 1;
	classes = {
	};
	objectVersion = 50;
	objects = {

/* Begin PBXBuildFile section */
		270B7A6C20A332BF002B6907 /* AppDelegate.swift in Sources */ = {isa = PBXBuildFile; fileRef = 270B7A6B20A332BF002B6907 /* AppDelegate.swift */; };
		270B7A7120A332BF002B6907 /* Main.storyboard in Resources */ = {isa = PBXBuildFile; fileRef = 270B7A6F20A332BF002B6907 /* Main.storyboard */; };
		270B7A7420A332BF002B6907 /* HelloWorld.xcdatamodeld in Sources */ = {isa = PBXBuildFile; fileRef = 270B7A7220A332BF002B6907 /* HelloWorld.xcdatamodeld */; };
		270B7A7620A332C2002B6907 /* Assets.xcassets in Resources */ = {isa = PBXBuildFile; fileRef = 270B7A7520A332C2002B6907 /* Assets.xcassets */; };
		270B7A7920A332C2002B6907 /* LaunchScreen.storyboard in Resources */ = {isa = PBXBuildFile; fileRef = 270B7A7720A332C2002B6907 /* LaunchScreen.storyboard */; };
		270B7A8420A33A30002B6907 /* LoginVC.swift in Sources */ = {isa = PBXBuildFile; fileRef = 270B7A8320A33A30002B6907 /* LoginVC.swift */; };
		270B7AE220A488EB002B6907 /* ShadowView.swift in Sources */ = {isa = PBXBuildFile; fileRef = 270B7AE120A488EB002B6907 /* ShadowView.swift */; };
		270B7AE420A48991002B6907 /* RoundedButton.swift in Sources */ = {isa = PBXBuildFile; fileRef = 270B7AE320A48991002B6907 /* RoundedButton.swift */; };
		270B7B0920A4B1FA002B6907 /* User.swift in Sources */ = {isa = PBXBuildFile; fileRef = 270B7B0820A4B1FA002B6907 /* User.swift */; };
		2735ABB220A61414005BC8D9 /* Conversation.swift in Sources */ = {isa = PBXBuildFile; fileRef = 2735ABB120A61414005BC8D9 /* Conversation.swift */; };
		2735ABCF20AC72D9005BC8D9 /* FakeData.swift in Sources */ = {isa = PBXBuildFile; fileRef = 2735ABCE20AC72D9005BC8D9 /* FakeData.swift */; };
		2735ABD220ACA7B4005BC8D9 /* TimeAgo.swift in Sources */ = {isa = PBXBuildFile; fileRef = 2735ABD120ACA7B4005BC8D9 /* TimeAgo.swift */; };
		2740EDBB20FD1E67001991CF /* UIKitExtensions.swift in Sources */ = {isa = PBXBuildFile; fileRef = 2740EDBA20FD1E67001991CF /* UIKitExtensions.swift */; };
		27774EA320A4C46800E82D96 /* MessageVC.swift in Sources */ = {isa = PBXBuildFile; fileRef = 27774EA220A4C46800E82D96 /* MessageVC.swift */; };
		27774EA520A4C88D00E82D96 /* UserListVC.swift in Sources */ = {isa = PBXBuildFile; fileRef = 27774EA420A4C88D00E82D96 /* UserListVC.swift */; };
<<<<<<< HEAD
		27774EA720A4C8A700E82D96 /* ConversationListVC.swift in Sources */ = {isa = PBXBuildFile; fileRef = 27774EA620A4C8A700E82D96 /* ConversationListVC.swift */; };
		27774EA920A4CFBF00E82D96 /* UserCell.swift in Sources */ = {isa = PBXBuildFile; fileRef = 27774EA820A4CFBF00E82D96 /* UserCell.swift */; };
		27774EAD20A4D6A800E82D96 /* AvatarImageView.swift in Sources */ = {isa = PBXBuildFile; fileRef = 27774EAC20A4D6A800E82D96 /* AvatarImageView.swift */; };
		27774EAF20A4DC8600E82D96 /* MessageCell.swift in Sources */ = {isa = PBXBuildFile; fileRef = 27774EAE20A4DC8600E82D96 /* MessageCell.swift */; };
		27774EB120A4DD2700E82D96 /* Message.swift in Sources */ = {isa = PBXBuildFile; fileRef = 27774EB020A4DD2700E82D96 /* Message.swift */; };
		27774EB520A5F3BB00E82D96 /* CurrentUser.swift in Sources */ = {isa = PBXBuildFile; fileRef = 27774EB420A5F3BB00E82D96 /* CurrentUser.swift */; };
		27774EB720A5F45300E82D96 /* ConversationCell.swift in Sources */ = {isa = PBXBuildFile; fileRef = 27774EB620A5F45300E82D96 /* ConversationCell.swift */; };
=======
		27774EA920A4CFBF00E82D96 /* UserCell.swift in Sources */ = {isa = PBXBuildFile; fileRef = 27774EA820A4CFBF00E82D96 /* UserCell.swift */; };
		27774EAD20A4D6A800E82D96 /* AvatarImageView.swift in Sources */ = {isa = PBXBuildFile; fileRef = 27774EAC20A4D6A800E82D96 /* AvatarImageView.swift */; };
		27774EAF20A4DC8600E82D96 /* MessageCell.swift in Sources */ = {isa = PBXBuildFile; fileRef = 27774EAE20A4DC8600E82D96 /* MessageCell.swift */; };
>>>>>>> peopleCell
		27838CF120F3F6CB006D3F47 /* APIEndpoint.swift in Sources */ = {isa = PBXBuildFile; fileRef = 27838CF020F3F6CB006D3F47 /* APIEndpoint.swift */; };
		27838CFD20F51275006D3F47 /* APIRequest.swift in Sources */ = {isa = PBXBuildFile; fileRef = 27838CFC20F51275006D3F47 /* APIRequest.swift */; };
		27F3D3F620F7920C00C313A8 /* UserViewModel.swift in Sources */ = {isa = PBXBuildFile; fileRef = 27F3D3F520F7920C00C313A8 /* UserViewModel.swift */; };
		27F3D3F920F79BBE00C313A8 /* SharedData.swift in Sources */ = {isa = PBXBuildFile; fileRef = 27F3D3F820F79BBE00C313A8 /* SharedData.swift */; };
<<<<<<< HEAD
		31580684746F0788C85E60BE /* Pods_HelloWorldUITests.framework in Frameworks */ = {isa = PBXBuildFile; fileRef = 9C225588DD0D9E06ECEFB1B8 /* Pods_HelloWorldUITests.framework */; };
=======
		27FEC94220F8E53E000AA151 /* HelloWorldTests.swift in Sources */ = {isa = PBXBuildFile; fileRef = 27FEC94120F8E53E000AA151 /* HelloWorldTests.swift */; };
		27FEC94A20F8EA6D000AA151 /* UserTests.swift in Sources */ = {isa = PBXBuildFile; fileRef = 27FEC94920F8EA6D000AA151 /* UserTests.swift */; };
		27FEC94C20F8EAA1000AA151 /* FakeJSON.swift in Sources */ = {isa = PBXBuildFile; fileRef = 27FEC94B20F8EAA1000AA151 /* FakeJSON.swift */; };
		27FEC95520F93CEF000AA151 /* MessageViewModel.swift in Sources */ = {isa = PBXBuildFile; fileRef = 27FEC95420F93CEF000AA151 /* MessageViewModel.swift */; };
		27FEC95720F945E7000AA151 /* MessageView.swift in Sources */ = {isa = PBXBuildFile; fileRef = 27FEC95620F945E7000AA151 /* MessageView.swift */; };
>>>>>>> peopleCell
		45D1549DCB24DFCDA3C38CCF /* Pods_HelloWorld.framework in Frameworks */ = {isa = PBXBuildFile; fileRef = 2FBE42BACA2268E617AEF6F3 /* Pods_HelloWorld.framework */; };
/* End PBXBuildFile section */

/* Begin PBXContainerItemProxy section */
		27FEC94420F8E53E000AA151 /* PBXContainerItemProxy */ = {
			isa = PBXContainerItemProxy;
			containerPortal = 270B7A6020A332BF002B6907 /* Project object */;
			proxyType = 1;
			remoteGlobalIDString = 270B7A6720A332BF002B6907;
			remoteInfo = HelloWorld;
		};
/* End PBXContainerItemProxy section */

/* Begin PBXFileReference section */
		102FE475A0AFF6138919DA50 /* Pods-HelloWorld.release.xcconfig */ = {isa = PBXFileReference; includeInIndex = 1; lastKnownFileType = text.xcconfig; name = "Pods-HelloWorld.release.xcconfig"; path = "Pods/Target Support Files/Pods-HelloWorld/Pods-HelloWorld.release.xcconfig"; sourceTree = "<group>"; };
		1C71AD0F3CB2EDA6B1379DAD /* Pods-HelloWorldUITests.release.xcconfig */ = {isa = PBXFileReference; includeInIndex = 1; lastKnownFileType = text.xcconfig; name = "Pods-HelloWorldUITests.release.xcconfig"; path = "Pods/Target Support Files/Pods-HelloWorldUITests/Pods-HelloWorldUITests.release.xcconfig"; sourceTree = "<group>"; };
		1C8EC2CC7DECBDB4DD04114D /* Pods-HelloWorldUITests.debug.xcconfig */ = {isa = PBXFileReference; includeInIndex = 1; lastKnownFileType = text.xcconfig; name = "Pods-HelloWorldUITests.debug.xcconfig"; path = "Pods/Target Support Files/Pods-HelloWorldUITests/Pods-HelloWorldUITests.debug.xcconfig"; sourceTree = "<group>"; };
		270B7A6820A332BF002B6907 /* HelloWorld.app */ = {isa = PBXFileReference; explicitFileType = wrapper.application; includeInIndex = 0; path = HelloWorld.app; sourceTree = BUILT_PRODUCTS_DIR; };
		270B7A6B20A332BF002B6907 /* AppDelegate.swift */ = {isa = PBXFileReference; lastKnownFileType = sourcecode.swift; path = AppDelegate.swift; sourceTree = "<group>"; };
		270B7A7020A332BF002B6907 /* Base */ = {isa = PBXFileReference; lastKnownFileType = file.storyboard; name = Base; path = Base.lproj/Main.storyboard; sourceTree = "<group>"; };
		270B7A7320A332BF002B6907 /* HelloWorld.xcdatamodel */ = {isa = PBXFileReference; lastKnownFileType = wrapper.xcdatamodel; path = HelloWorld.xcdatamodel; sourceTree = "<group>"; };
		270B7A7520A332C2002B6907 /* Assets.xcassets */ = {isa = PBXFileReference; lastKnownFileType = folder.assetcatalog; path = Assets.xcassets; sourceTree = "<group>"; };
		270B7A7820A332C2002B6907 /* Base */ = {isa = PBXFileReference; lastKnownFileType = file.storyboard; name = Base; path = Base.lproj/LaunchScreen.storyboard; sourceTree = "<group>"; };
		270B7A7A20A332C2002B6907 /* Info.plist */ = {isa = PBXFileReference; lastKnownFileType = text.plist.xml; path = Info.plist; sourceTree = "<group>"; };
		270B7A8320A33A30002B6907 /* LoginVC.swift */ = {isa = PBXFileReference; lastKnownFileType = sourcecode.swift; path = LoginVC.swift; sourceTree = "<group>"; };
		270B7AE120A488EB002B6907 /* ShadowView.swift */ = {isa = PBXFileReference; lastKnownFileType = sourcecode.swift; path = ShadowView.swift; sourceTree = "<group>"; };
		270B7AE320A48991002B6907 /* RoundedButton.swift */ = {isa = PBXFileReference; lastKnownFileType = sourcecode.swift; path = RoundedButton.swift; sourceTree = "<group>"; };
		270B7B0820A4B1FA002B6907 /* User.swift */ = {isa = PBXFileReference; lastKnownFileType = sourcecode.swift; path = User.swift; sourceTree = "<group>"; };
		2735ABB120A61414005BC8D9 /* Conversation.swift */ = {isa = PBXFileReference; lastKnownFileType = sourcecode.swift; path = Conversation.swift; sourceTree = "<group>"; };
		2735ABCE20AC72D9005BC8D9 /* FakeData.swift */ = {isa = PBXFileReference; lastKnownFileType = sourcecode.swift; path = FakeData.swift; sourceTree = "<group>"; };
		2735ABD120ACA7B4005BC8D9 /* TimeAgo.swift */ = {isa = PBXFileReference; lastKnownFileType = sourcecode.swift; path = TimeAgo.swift; sourceTree = "<group>"; };
		2740EDBA20FD1E67001991CF /* UIKitExtensions.swift */ = {isa = PBXFileReference; lastKnownFileType = sourcecode.swift; path = UIKitExtensions.swift; sourceTree = "<group>"; };
		27774EA220A4C46800E82D96 /* MessageVC.swift */ = {isa = PBXFileReference; lastKnownFileType = sourcecode.swift; path = MessageVC.swift; sourceTree = "<group>"; };
		27774EA420A4C88D00E82D96 /* UserListVC.swift */ = {isa = PBXFileReference; lastKnownFileType = sourcecode.swift; path = UserListVC.swift; sourceTree = "<group>"; };
<<<<<<< HEAD
		27774EA620A4C8A700E82D96 /* ConversationListVC.swift */ = {isa = PBXFileReference; lastKnownFileType = sourcecode.swift; path = ConversationListVC.swift; sourceTree = "<group>"; };
		27774EA820A4CFBF00E82D96 /* UserCell.swift */ = {isa = PBXFileReference; lastKnownFileType = sourcecode.swift; path = UserCell.swift; sourceTree = "<group>"; };
		27774EAC20A4D6A800E82D96 /* AvatarImageView.swift */ = {isa = PBXFileReference; lastKnownFileType = sourcecode.swift; path = AvatarImageView.swift; sourceTree = "<group>"; };
		27774EAE20A4DC8600E82D96 /* MessageCell.swift */ = {isa = PBXFileReference; lastKnownFileType = sourcecode.swift; path = MessageCell.swift; sourceTree = "<group>"; };
		27774EB020A4DD2700E82D96 /* Message.swift */ = {isa = PBXFileReference; lastKnownFileType = sourcecode.swift; path = Message.swift; sourceTree = "<group>"; };
		27774EB420A5F3BB00E82D96 /* CurrentUser.swift */ = {isa = PBXFileReference; lastKnownFileType = sourcecode.swift; path = CurrentUser.swift; sourceTree = "<group>"; };
		27774EB620A5F45300E82D96 /* ConversationCell.swift */ = {isa = PBXFileReference; lastKnownFileType = sourcecode.swift; path = ConversationCell.swift; sourceTree = "<group>"; };
=======
		27774EA820A4CFBF00E82D96 /* UserCell.swift */ = {isa = PBXFileReference; lastKnownFileType = sourcecode.swift; path = UserCell.swift; sourceTree = "<group>"; };
		27774EAC20A4D6A800E82D96 /* AvatarImageView.swift */ = {isa = PBXFileReference; lastKnownFileType = sourcecode.swift; path = AvatarImageView.swift; sourceTree = "<group>"; };
		27774EAE20A4DC8600E82D96 /* MessageCell.swift */ = {isa = PBXFileReference; lastKnownFileType = sourcecode.swift; path = MessageCell.swift; sourceTree = "<group>"; };
>>>>>>> peopleCell
		27838CF020F3F6CB006D3F47 /* APIEndpoint.swift */ = {isa = PBXFileReference; lastKnownFileType = sourcecode.swift; path = APIEndpoint.swift; sourceTree = "<group>"; };
		27838CFC20F51275006D3F47 /* APIRequest.swift */ = {isa = PBXFileReference; lastKnownFileType = sourcecode.swift; path = APIRequest.swift; sourceTree = "<group>"; };
		27F3D3F520F7920C00C313A8 /* UserViewModel.swift */ = {isa = PBXFileReference; lastKnownFileType = sourcecode.swift; path = UserViewModel.swift; sourceTree = "<group>"; };
		27F3D3F820F79BBE00C313A8 /* SharedData.swift */ = {isa = PBXFileReference; lastKnownFileType = sourcecode.swift; path = SharedData.swift; sourceTree = "<group>"; };
<<<<<<< HEAD
=======
		27FEC93F20F8E53E000AA151 /* HelloWorldTests.xctest */ = {isa = PBXFileReference; explicitFileType = wrapper.cfbundle; includeInIndex = 0; path = HelloWorldTests.xctest; sourceTree = BUILT_PRODUCTS_DIR; };
		27FEC94120F8E53E000AA151 /* HelloWorldTests.swift */ = {isa = PBXFileReference; lastKnownFileType = sourcecode.swift; path = HelloWorldTests.swift; sourceTree = "<group>"; };
		27FEC94320F8E53E000AA151 /* Info.plist */ = {isa = PBXFileReference; lastKnownFileType = text.plist.xml; path = Info.plist; sourceTree = "<group>"; };
		27FEC94920F8EA6D000AA151 /* UserTests.swift */ = {isa = PBXFileReference; lastKnownFileType = sourcecode.swift; path = UserTests.swift; sourceTree = "<group>"; };
		27FEC94B20F8EAA1000AA151 /* FakeJSON.swift */ = {isa = PBXFileReference; lastKnownFileType = sourcecode.swift; path = FakeJSON.swift; sourceTree = "<group>"; };
		27FEC95420F93CEF000AA151 /* MessageViewModel.swift */ = {isa = PBXFileReference; lastKnownFileType = sourcecode.swift; path = MessageViewModel.swift; sourceTree = "<group>"; };
		27FEC95620F945E7000AA151 /* MessageView.swift */ = {isa = PBXFileReference; lastKnownFileType = sourcecode.swift; path = MessageView.swift; sourceTree = "<group>"; };
>>>>>>> peopleCell
		2FBE42BACA2268E617AEF6F3 /* Pods_HelloWorld.framework */ = {isa = PBXFileReference; explicitFileType = wrapper.framework; includeInIndex = 0; path = Pods_HelloWorld.framework; sourceTree = BUILT_PRODUCTS_DIR; };
		3138B98FC73A98F9FED695E6 /* Pods-HelloWorld.debug.xcconfig */ = {isa = PBXFileReference; includeInIndex = 1; lastKnownFileType = text.xcconfig; name = "Pods-HelloWorld.debug.xcconfig"; path = "Pods/Target Support Files/Pods-HelloWorld/Pods-HelloWorld.debug.xcconfig"; sourceTree = "<group>"; };
		5058C3D88FAF5B7617B67408 /* Pods_HelloWorldTests.framework */ = {isa = PBXFileReference; explicitFileType = wrapper.framework; includeInIndex = 0; path = Pods_HelloWorldTests.framework; sourceTree = BUILT_PRODUCTS_DIR; };
		829AE6D832266EB20172DCF3 /* Pods-HelloWorldTests.debug.xcconfig */ = {isa = PBXFileReference; includeInIndex = 1; lastKnownFileType = text.xcconfig; name = "Pods-HelloWorldTests.debug.xcconfig"; path = "Pods/Target Support Files/Pods-HelloWorldTests/Pods-HelloWorldTests.debug.xcconfig"; sourceTree = "<group>"; };
		942506536662CFA3B4969227 /* Pods-HelloWorldTests.release.xcconfig */ = {isa = PBXFileReference; includeInIndex = 1; lastKnownFileType = text.xcconfig; name = "Pods-HelloWorldTests.release.xcconfig"; path = "Pods/Target Support Files/Pods-HelloWorldTests/Pods-HelloWorldTests.release.xcconfig"; sourceTree = "<group>"; };
		9C225588DD0D9E06ECEFB1B8 /* Pods_HelloWorldUITests.framework */ = {isa = PBXFileReference; explicitFileType = wrapper.framework; includeInIndex = 0; path = Pods_HelloWorldUITests.framework; sourceTree = BUILT_PRODUCTS_DIR; };
/* End PBXFileReference section */

/* Begin PBXFrameworksBuildPhase section */
		270B7A6520A332BF002B6907 /* Frameworks */ = {
			isa = PBXFrameworksBuildPhase;
			buildActionMask = 2147483647;
			files = (
				45D1549DCB24DFCDA3C38CCF /* Pods_HelloWorld.framework in Frameworks */,
			);
			runOnlyForDeploymentPostprocessing = 0;
		};
		27FEC93C20F8E53E000AA151 /* Frameworks */ = {
			isa = PBXFrameworksBuildPhase;
			buildActionMask = 2147483647;
			files = (
			);
			runOnlyForDeploymentPostprocessing = 0;
		};
/* End PBXFrameworksBuildPhase section */

/* Begin PBXGroup section */
		270B7A5F20A332BF002B6907 = {
			isa = PBXGroup;
			children = (
				270B7A6A20A332BF002B6907 /* HelloWorld */,
				27FEC94020F8E53E000AA151 /* HelloWorldTests */,
				270B7A6920A332BF002B6907 /* Products */,
				355B2B5D7B9709364A509841 /* Pods */,
				CC56043BFCB32815482C5476 /* Frameworks */,
			);
			sourceTree = "<group>";
		};
		270B7A6920A332BF002B6907 /* Products */ = {
			isa = PBXGroup;
			children = (
				270B7A6820A332BF002B6907 /* HelloWorld.app */,
				27FEC93F20F8E53E000AA151 /* HelloWorldTests.xctest */,
			);
			name = Products;
			sourceTree = "<group>";
		};
		270B7A6A20A332BF002B6907 /* HelloWorld */ = {
			isa = PBXGroup;
			children = (
				27F3D3F720F79BB000C313A8 /* Utils */,
				27838CEF20F3EED8006D3F47 /* Subclasses */,
				27838CED20F3EE9C006D3F47 /* Networking */,
				2735ABD020ACA7A3005BC8D9 /* Extensions */,
				270B7A8220A33A0C002B6907 /* Model */,
				270B7A8120A33A05002B6907 /* View */,
				27838CEE20F3EEAC006D3F47 /* ViewModel */,
				270B7A8020A339F6002B6907 /* Controller */,
				270B7A6B20A332BF002B6907 /* AppDelegate.swift */,
				270B7A6F20A332BF002B6907 /* Main.storyboard */,
				270B7A7520A332C2002B6907 /* Assets.xcassets */,
				270B7A7720A332C2002B6907 /* LaunchScreen.storyboard */,
				270B7A7A20A332C2002B6907 /* Info.plist */,
				270B7A7220A332BF002B6907 /* HelloWorld.xcdatamodeld */,
			);
			path = HelloWorld;
			sourceTree = "<group>";
		};
		270B7A8020A339F6002B6907 /* Controller */ = {
			isa = PBXGroup;
			children = (
				270B7A8320A33A30002B6907 /* LoginVC.swift */,
				27774EA220A4C46800E82D96 /* MessageVC.swift */,
				27774EA420A4C88D00E82D96 /* UserListVC.swift */,
<<<<<<< HEAD
				27774EA620A4C8A700E82D96 /* ConversationListVC.swift */,
=======
>>>>>>> peopleCell
			);
			path = Controller;
			sourceTree = "<group>";
		};
		270B7A8120A33A05002B6907 /* View */ = {
			isa = PBXGroup;
			children = (
				27774EA820A4CFBF00E82D96 /* UserCell.swift */,
				27774EAE20A4DC8600E82D96 /* MessageCell.swift */,
			);
			path = View;
			sourceTree = "<group>";
		};
		270B7A8220A33A0C002B6907 /* Model */ = {
			isa = PBXGroup;
			children = (
				270B7B0820A4B1FA002B6907 /* User.swift */,
				2735ABB120A61414005BC8D9 /* Conversation.swift */,
			);
			path = Model;
			sourceTree = "<group>";
		};
		2735ABD020ACA7A3005BC8D9 /* Extensions */ = {
			isa = PBXGroup;
			children = (
				2740EDBA20FD1E67001991CF /* UIKitExtensions.swift */,
				2735ABD120ACA7B4005BC8D9 /* TimeAgo.swift */,
			);
			path = Extensions;
			sourceTree = "<group>";
		};
<<<<<<< HEAD
		27774E9720A4C00F00E82D96 /* HelloWorldTests */ = {
			isa = PBXGroup;
			children = (
				27774E9820A4C00F00E82D96 /* HelloWorldTests.swift */,
				27774E9A20A4C00F00E82D96 /* Info.plist */,
			);
			path = HelloWorldTests;
			sourceTree = "<group>";
		};
		27774EB820A5F78000E82D96 /* Services */ = {
			isa = PBXGroup;
			children = (
				2735ABCE20AC72D9005BC8D9 /* FakeData.swift */,
			);
			path = Services;
			sourceTree = "<group>";
		};
=======
>>>>>>> peopleCell
		27838CED20F3EE9C006D3F47 /* Networking */ = {
			isa = PBXGroup;
			children = (
				27838CF020F3F6CB006D3F47 /* APIEndpoint.swift */,
				27838CFC20F51275006D3F47 /* APIRequest.swift */,
			);
			path = Networking;
			sourceTree = "<group>";
		};
		27838CEE20F3EEAC006D3F47 /* ViewModel */ = {
			isa = PBXGroup;
			children = (
				27F3D3F520F7920C00C313A8 /* UserViewModel.swift */,
<<<<<<< HEAD
=======
				27FEC95420F93CEF000AA151 /* MessageViewModel.swift */,
>>>>>>> peopleCell
			);
			path = ViewModel;
			sourceTree = "<group>";
		};
		27838CEF20F3EED8006D3F47 /* Subclasses */ = {
			isa = PBXGroup;
			children = (
				270B7AE320A48991002B6907 /* RoundedButton.swift */,
				27774EAC20A4D6A800E82D96 /* AvatarImageView.swift */,
				270B7AE120A488EB002B6907 /* ShadowView.swift */,
				27FEC95620F945E7000AA151 /* MessageView.swift */,
			);
			path = Subclasses;
			sourceTree = "<group>";
		};
		27F3D3F720F79BB000C313A8 /* Utils */ = {
			isa = PBXGroup;
			children = (
				27F3D3F820F79BBE00C313A8 /* SharedData.swift */,
<<<<<<< HEAD
=======
				2735ABCE20AC72D9005BC8D9 /* FakeData.swift */,
>>>>>>> peopleCell
			);
			path = Utils;
			sourceTree = "<group>";
		};
<<<<<<< HEAD
=======
		27FEC94020F8E53E000AA151 /* HelloWorldTests */ = {
			isa = PBXGroup;
			children = (
				27FEC94120F8E53E000AA151 /* HelloWorldTests.swift */,
				27FEC94320F8E53E000AA151 /* Info.plist */,
				27FEC94920F8EA6D000AA151 /* UserTests.swift */,
				27FEC94B20F8EAA1000AA151 /* FakeJSON.swift */,
			);
			path = HelloWorldTests;
			sourceTree = "<group>";
		};
>>>>>>> peopleCell
		355B2B5D7B9709364A509841 /* Pods */ = {
			isa = PBXGroup;
			children = (
				3138B98FC73A98F9FED695E6 /* Pods-HelloWorld.debug.xcconfig */,
				102FE475A0AFF6138919DA50 /* Pods-HelloWorld.release.xcconfig */,
				829AE6D832266EB20172DCF3 /* Pods-HelloWorldTests.debug.xcconfig */,
				942506536662CFA3B4969227 /* Pods-HelloWorldTests.release.xcconfig */,
				1C8EC2CC7DECBDB4DD04114D /* Pods-HelloWorldUITests.debug.xcconfig */,
				1C71AD0F3CB2EDA6B1379DAD /* Pods-HelloWorldUITests.release.xcconfig */,
			);
			name = Pods;
			sourceTree = "<group>";
		};
		CC56043BFCB32815482C5476 /* Frameworks */ = {
			isa = PBXGroup;
			children = (
				2FBE42BACA2268E617AEF6F3 /* Pods_HelloWorld.framework */,
				5058C3D88FAF5B7617B67408 /* Pods_HelloWorldTests.framework */,
				9C225588DD0D9E06ECEFB1B8 /* Pods_HelloWorldUITests.framework */,
			);
			name = Frameworks;
			sourceTree = "<group>";
		};
/* End PBXGroup section */

/* Begin PBXNativeTarget section */
		270B7A6720A332BF002B6907 /* HelloWorld */ = {
			isa = PBXNativeTarget;
			buildConfigurationList = 270B7A7D20A332C2002B6907 /* Build configuration list for PBXNativeTarget "HelloWorld" */;
			buildPhases = (
				B36CC6463627C35D12C04A9F /* [CP] Check Pods Manifest.lock */,
				270B7A6420A332BF002B6907 /* Sources */,
				270B7A6520A332BF002B6907 /* Frameworks */,
				270B7A6620A332BF002B6907 /* Resources */,
				FDA66955C2458478268A24BF /* [CP] Embed Pods Frameworks */,
			);
			buildRules = (
			);
			dependencies = (
			);
			name = HelloWorld;
			productName = HelloWorld;
			productReference = 270B7A6820A332BF002B6907 /* HelloWorld.app */;
			productType = "com.apple.product-type.application";
		};
		27FEC93E20F8E53E000AA151 /* HelloWorldTests */ = {
			isa = PBXNativeTarget;
			buildConfigurationList = 27FEC94620F8E53E000AA151 /* Build configuration list for PBXNativeTarget "HelloWorldTests" */;
			buildPhases = (
				27FEC93B20F8E53E000AA151 /* Sources */,
				27FEC93C20F8E53E000AA151 /* Frameworks */,
				27FEC93D20F8E53E000AA151 /* Resources */,
			);
			buildRules = (
			);
			dependencies = (
				27FEC94520F8E53E000AA151 /* PBXTargetDependency */,
			);
			name = HelloWorldTests;
			productName = HelloWorldTests;
			productReference = 27FEC93F20F8E53E000AA151 /* HelloWorldTests.xctest */;
			productType = "com.apple.product-type.bundle.unit-test";
		};
/* End PBXNativeTarget section */

/* Begin PBXProject section */
		270B7A6020A332BF002B6907 /* Project object */ = {
			isa = PBXProject;
			attributes = {
				LastSwiftUpdateCheck = 0940;
				LastUpgradeCheck = 0930;
				ORGANIZATIONNAME = "Bekah Baker";
				TargetAttributes = {
					270B7A6720A332BF002B6907 = {
						CreatedOnToolsVersion = 9.3;
					};
					27FEC93E20F8E53E000AA151 = {
						CreatedOnToolsVersion = 9.4.1;
						TestTargetID = 270B7A6720A332BF002B6907;
					};
				};
			};
			buildConfigurationList = 270B7A6320A332BF002B6907 /* Build configuration list for PBXProject "HelloWorld" */;
			compatibilityVersion = "Xcode 9.3";
			developmentRegion = en;
			hasScannedForEncodings = 0;
			knownRegions = (
				en,
				Base,
			);
			mainGroup = 270B7A5F20A332BF002B6907;
			productRefGroup = 270B7A6920A332BF002B6907 /* Products */;
			projectDirPath = "";
			projectRoot = "";
			targets = (
				270B7A6720A332BF002B6907 /* HelloWorld */,
				27FEC93E20F8E53E000AA151 /* HelloWorldTests */,
			);
		};
/* End PBXProject section */

/* Begin PBXResourcesBuildPhase section */
		270B7A6620A332BF002B6907 /* Resources */ = {
			isa = PBXResourcesBuildPhase;
			buildActionMask = 2147483647;
			files = (
				270B7A7920A332C2002B6907 /* LaunchScreen.storyboard in Resources */,
				270B7A7620A332C2002B6907 /* Assets.xcassets in Resources */,
				270B7A7120A332BF002B6907 /* Main.storyboard in Resources */,
			);
			runOnlyForDeploymentPostprocessing = 0;
		};
		27FEC93D20F8E53E000AA151 /* Resources */ = {
			isa = PBXResourcesBuildPhase;
			buildActionMask = 2147483647;
			files = (
			);
			runOnlyForDeploymentPostprocessing = 0;
		};
/* End PBXResourcesBuildPhase section */

/* Begin PBXShellScriptBuildPhase section */
		B36CC6463627C35D12C04A9F /* [CP] Check Pods Manifest.lock */ = {
			isa = PBXShellScriptBuildPhase;
			buildActionMask = 2147483647;
			files = (
			);
			inputPaths = (
				"${PODS_PODFILE_DIR_PATH}/Podfile.lock",
				"${PODS_ROOT}/Manifest.lock",
			);
			name = "[CP] Check Pods Manifest.lock";
			outputPaths = (
				"$(DERIVED_FILE_DIR)/Pods-HelloWorld-checkManifestLockResult.txt",
			);
			runOnlyForDeploymentPostprocessing = 0;
			shellPath = /bin/sh;
			shellScript = "diff \"${PODS_PODFILE_DIR_PATH}/Podfile.lock\" \"${PODS_ROOT}/Manifest.lock\" > /dev/null\nif [ $? != 0 ] ; then\n    # print error to STDERR\n    echo \"error: The sandbox is not in sync with the Podfile.lock. Run 'pod install' or update your CocoaPods installation.\" >&2\n    exit 1\nfi\n# This output is used by Xcode 'outputs' to avoid re-running this script phase.\necho \"SUCCESS\" > \"${SCRIPT_OUTPUT_FILE_0}\"\n";
			showEnvVarsInLog = 0;
		};
		FDA66955C2458478268A24BF /* [CP] Embed Pods Frameworks */ = {
			isa = PBXShellScriptBuildPhase;
			buildActionMask = 2147483647;
			files = (
			);
			inputPaths = (
				"${SRCROOT}/Pods/Target Support Files/Pods-HelloWorld/Pods-HelloWorld-frameworks.sh",
				"${BUILT_PRODUCTS_DIR}/Kingfisher/Kingfisher.framework",
			);
			name = "[CP] Embed Pods Frameworks";
			outputPaths = (
				"${TARGET_BUILD_DIR}/${FRAMEWORKS_FOLDER_PATH}/Kingfisher.framework",
			);
			runOnlyForDeploymentPostprocessing = 0;
			shellPath = /bin/sh;
			shellScript = "\"${SRCROOT}/Pods/Target Support Files/Pods-HelloWorld/Pods-HelloWorld-frameworks.sh\"\n";
			showEnvVarsInLog = 0;
		};
/* End PBXShellScriptBuildPhase section */

/* Begin PBXSourcesBuildPhase section */
		270B7A6420A332BF002B6907 /* Sources */ = {
			isa = PBXSourcesBuildPhase;
			buildActionMask = 2147483647;
			files = (
				270B7AE220A488EB002B6907 /* ShadowView.swift in Sources */,
<<<<<<< HEAD
				27774EA720A4C8A700E82D96 /* ConversationListVC.swift in Sources */,
=======
>>>>>>> peopleCell
				27774EA920A4CFBF00E82D96 /* UserCell.swift in Sources */,
				27838CFD20F51275006D3F47 /* APIRequest.swift in Sources */,
				27774EAD20A4D6A800E82D96 /* AvatarImageView.swift in Sources */,
				27FEC95720F945E7000AA151 /* MessageView.swift in Sources */,
				270B7AE420A48991002B6907 /* RoundedButton.swift in Sources */,
				27774EAF20A4DC8600E82D96 /* MessageCell.swift in Sources */,
				2740EDBB20FD1E67001991CF /* UIKitExtensions.swift in Sources */,
				2735ABD220ACA7B4005BC8D9 /* TimeAgo.swift in Sources */,
				27838CF120F3F6CB006D3F47 /* APIEndpoint.swift in Sources */,
				270B7B0920A4B1FA002B6907 /* User.swift in Sources */,
				270B7A7420A332BF002B6907 /* HelloWorld.xcdatamodeld in Sources */,
				270B7A6C20A332BF002B6907 /* AppDelegate.swift in Sources */,
				27774EA320A4C46800E82D96 /* MessageVC.swift in Sources */,
				2735ABB220A61414005BC8D9 /* Conversation.swift in Sources */,
				27FEC95520F93CEF000AA151 /* MessageViewModel.swift in Sources */,
				270B7A8420A33A30002B6907 /* LoginVC.swift in Sources */,
				2735ABCF20AC72D9005BC8D9 /* FakeData.swift in Sources */,
				27F3D3F920F79BBE00C313A8 /* SharedData.swift in Sources */,
				27774EA520A4C88D00E82D96 /* UserListVC.swift in Sources */,
				27F3D3F620F7920C00C313A8 /* UserViewModel.swift in Sources */,
<<<<<<< HEAD
				27774EB720A5F45300E82D96 /* ConversationCell.swift in Sources */,
=======
>>>>>>> peopleCell
			);
			runOnlyForDeploymentPostprocessing = 0;
		};
		27FEC93B20F8E53E000AA151 /* Sources */ = {
			isa = PBXSourcesBuildPhase;
			buildActionMask = 2147483647;
			files = (
				27FEC94A20F8EA6D000AA151 /* UserTests.swift in Sources */,
				27FEC94220F8E53E000AA151 /* HelloWorldTests.swift in Sources */,
				27FEC94C20F8EAA1000AA151 /* FakeJSON.swift in Sources */,
			);
			runOnlyForDeploymentPostprocessing = 0;
		};
/* End PBXSourcesBuildPhase section */

/* Begin PBXTargetDependency section */
		27FEC94520F8E53E000AA151 /* PBXTargetDependency */ = {
			isa = PBXTargetDependency;
			target = 270B7A6720A332BF002B6907 /* HelloWorld */;
			targetProxy = 27FEC94420F8E53E000AA151 /* PBXContainerItemProxy */;
		};
/* End PBXTargetDependency section */

/* Begin PBXVariantGroup section */
		270B7A6F20A332BF002B6907 /* Main.storyboard */ = {
			isa = PBXVariantGroup;
			children = (
				270B7A7020A332BF002B6907 /* Base */,
			);
			name = Main.storyboard;
			sourceTree = "<group>";
		};
		270B7A7720A332C2002B6907 /* LaunchScreen.storyboard */ = {
			isa = PBXVariantGroup;
			children = (
				270B7A7820A332C2002B6907 /* Base */,
			);
			name = LaunchScreen.storyboard;
			sourceTree = "<group>";
		};
/* End PBXVariantGroup section */

/* Begin XCBuildConfiguration section */
		270B7A7B20A332C2002B6907 /* Debug */ = {
			isa = XCBuildConfiguration;
			buildSettings = {
				ALWAYS_SEARCH_USER_PATHS = NO;
				CLANG_ANALYZER_NONNULL = YES;
				CLANG_ANALYZER_NUMBER_OBJECT_CONVERSION = YES_AGGRESSIVE;
				CLANG_CXX_LANGUAGE_STANDARD = "gnu++14";
				CLANG_CXX_LIBRARY = "libc++";
				CLANG_ENABLE_MODULES = YES;
				CLANG_ENABLE_OBJC_ARC = YES;
				CLANG_ENABLE_OBJC_WEAK = YES;
				CLANG_WARN_BLOCK_CAPTURE_AUTORELEASING = YES;
				CLANG_WARN_BOOL_CONVERSION = YES;
				CLANG_WARN_COMMA = YES;
				CLANG_WARN_CONSTANT_CONVERSION = YES;
				CLANG_WARN_DEPRECATED_OBJC_IMPLEMENTATIONS = YES;
				CLANG_WARN_DIRECT_OBJC_ISA_USAGE = YES_ERROR;
				CLANG_WARN_DOCUMENTATION_COMMENTS = YES;
				CLANG_WARN_EMPTY_BODY = YES;
				CLANG_WARN_ENUM_CONVERSION = YES;
				CLANG_WARN_INFINITE_RECURSION = YES;
				CLANG_WARN_INT_CONVERSION = YES;
				CLANG_WARN_NON_LITERAL_NULL_CONVERSION = YES;
				CLANG_WARN_OBJC_IMPLICIT_RETAIN_SELF = YES;
				CLANG_WARN_OBJC_LITERAL_CONVERSION = YES;
				CLANG_WARN_OBJC_ROOT_CLASS = YES_ERROR;
				CLANG_WARN_RANGE_LOOP_ANALYSIS = YES;
				CLANG_WARN_STRICT_PROTOTYPES = YES;
				CLANG_WARN_SUSPICIOUS_MOVE = YES;
				CLANG_WARN_UNGUARDED_AVAILABILITY = YES_AGGRESSIVE;
				CLANG_WARN_UNREACHABLE_CODE = YES;
				CLANG_WARN__DUPLICATE_METHOD_MATCH = YES;
				CODE_SIGN_IDENTITY = "iPhone Developer";
				COPY_PHASE_STRIP = NO;
				DEBUG_INFORMATION_FORMAT = dwarf;
				ENABLE_STRICT_OBJC_MSGSEND = YES;
				ENABLE_TESTABILITY = YES;
				GCC_C_LANGUAGE_STANDARD = gnu11;
				GCC_DYNAMIC_NO_PIC = NO;
				GCC_NO_COMMON_BLOCKS = YES;
				GCC_OPTIMIZATION_LEVEL = 0;
				GCC_PREPROCESSOR_DEFINITIONS = (
					"DEBUG=1",
					"$(inherited)",
				);
				GCC_WARN_64_TO_32_BIT_CONVERSION = YES;
				GCC_WARN_ABOUT_RETURN_TYPE = YES_ERROR;
				GCC_WARN_UNDECLARED_SELECTOR = YES;
				GCC_WARN_UNINITIALIZED_AUTOS = YES_AGGRESSIVE;
				GCC_WARN_UNUSED_FUNCTION = YES;
				GCC_WARN_UNUSED_VARIABLE = YES;
				IPHONEOS_DEPLOYMENT_TARGET = 11.3;
				MTL_ENABLE_DEBUG_INFO = YES;
				ONLY_ACTIVE_ARCH = YES;
				SDKROOT = iphoneos;
				SWIFT_ACTIVE_COMPILATION_CONDITIONS = DEBUG;
				SWIFT_OPTIMIZATION_LEVEL = "-Onone";
			};
			name = Debug;
		};
		270B7A7C20A332C2002B6907 /* Release */ = {
			isa = XCBuildConfiguration;
			buildSettings = {
				ALWAYS_SEARCH_USER_PATHS = NO;
				CLANG_ANALYZER_NONNULL = YES;
				CLANG_ANALYZER_NUMBER_OBJECT_CONVERSION = YES_AGGRESSIVE;
				CLANG_CXX_LANGUAGE_STANDARD = "gnu++14";
				CLANG_CXX_LIBRARY = "libc++";
				CLANG_ENABLE_MODULES = YES;
				CLANG_ENABLE_OBJC_ARC = YES;
				CLANG_ENABLE_OBJC_WEAK = YES;
				CLANG_WARN_BLOCK_CAPTURE_AUTORELEASING = YES;
				CLANG_WARN_BOOL_CONVERSION = YES;
				CLANG_WARN_COMMA = YES;
				CLANG_WARN_CONSTANT_CONVERSION = YES;
				CLANG_WARN_DEPRECATED_OBJC_IMPLEMENTATIONS = YES;
				CLANG_WARN_DIRECT_OBJC_ISA_USAGE = YES_ERROR;
				CLANG_WARN_DOCUMENTATION_COMMENTS = YES;
				CLANG_WARN_EMPTY_BODY = YES;
				CLANG_WARN_ENUM_CONVERSION = YES;
				CLANG_WARN_INFINITE_RECURSION = YES;
				CLANG_WARN_INT_CONVERSION = YES;
				CLANG_WARN_NON_LITERAL_NULL_CONVERSION = YES;
				CLANG_WARN_OBJC_IMPLICIT_RETAIN_SELF = YES;
				CLANG_WARN_OBJC_LITERAL_CONVERSION = YES;
				CLANG_WARN_OBJC_ROOT_CLASS = YES_ERROR;
				CLANG_WARN_RANGE_LOOP_ANALYSIS = YES;
				CLANG_WARN_STRICT_PROTOTYPES = YES;
				CLANG_WARN_SUSPICIOUS_MOVE = YES;
				CLANG_WARN_UNGUARDED_AVAILABILITY = YES_AGGRESSIVE;
				CLANG_WARN_UNREACHABLE_CODE = YES;
				CLANG_WARN__DUPLICATE_METHOD_MATCH = YES;
				CODE_SIGN_IDENTITY = "iPhone Developer";
				COPY_PHASE_STRIP = NO;
				DEBUG_INFORMATION_FORMAT = "dwarf-with-dsym";
				ENABLE_NS_ASSERTIONS = NO;
				ENABLE_STRICT_OBJC_MSGSEND = YES;
				GCC_C_LANGUAGE_STANDARD = gnu11;
				GCC_NO_COMMON_BLOCKS = YES;
				GCC_WARN_64_TO_32_BIT_CONVERSION = YES;
				GCC_WARN_ABOUT_RETURN_TYPE = YES_ERROR;
				GCC_WARN_UNDECLARED_SELECTOR = YES;
				GCC_WARN_UNINITIALIZED_AUTOS = YES_AGGRESSIVE;
				GCC_WARN_UNUSED_FUNCTION = YES;
				GCC_WARN_UNUSED_VARIABLE = YES;
				IPHONEOS_DEPLOYMENT_TARGET = 11.3;
				MTL_ENABLE_DEBUG_INFO = NO;
				SDKROOT = iphoneos;
				SWIFT_COMPILATION_MODE = wholemodule;
				SWIFT_OPTIMIZATION_LEVEL = "-O";
				VALIDATE_PRODUCT = YES;
			};
			name = Release;
		};
		270B7A7E20A332C2002B6907 /* Debug */ = {
			isa = XCBuildConfiguration;
			baseConfigurationReference = 3138B98FC73A98F9FED695E6 /* Pods-HelloWorld.debug.xcconfig */;
			buildSettings = {
				ASSETCATALOG_COMPILER_APPICON_NAME = AppIcon;
				CODE_SIGN_STYLE = Automatic;
				DEVELOPMENT_TEAM = Q455MXT946;
				INFOPLIST_FILE = HelloWorld/Info.plist;
				LD_RUNPATH_SEARCH_PATHS = (
					"$(inherited)",
					"@executable_path/Frameworks",
				);
				PRODUCT_BUNDLE_IDENTIFIER = com.bekahbaker.HelloWorld;
				PRODUCT_NAME = "$(TARGET_NAME)";
				SWIFT_VERSION = 4.0;
				TARGETED_DEVICE_FAMILY = "1,2";
			};
			name = Debug;
		};
		270B7A7F20A332C2002B6907 /* Release */ = {
			isa = XCBuildConfiguration;
			baseConfigurationReference = 102FE475A0AFF6138919DA50 /* Pods-HelloWorld.release.xcconfig */;
			buildSettings = {
				ASSETCATALOG_COMPILER_APPICON_NAME = AppIcon;
				CODE_SIGN_STYLE = Automatic;
				DEVELOPMENT_TEAM = Q455MXT946;
				INFOPLIST_FILE = HelloWorld/Info.plist;
				LD_RUNPATH_SEARCH_PATHS = (
					"$(inherited)",
					"@executable_path/Frameworks",
				);
				PRODUCT_BUNDLE_IDENTIFIER = com.bekahbaker.HelloWorld;
				PRODUCT_NAME = "$(TARGET_NAME)";
				SWIFT_VERSION = 4.0;
				TARGETED_DEVICE_FAMILY = "1,2";
			};
			name = Release;
		};
		27FEC94720F8E53E000AA151 /* Debug */ = {
			isa = XCBuildConfiguration;
			buildSettings = {
				BUNDLE_LOADER = "$(TEST_HOST)";
				CODE_SIGN_STYLE = Automatic;
				DEVELOPMENT_TEAM = Q455MXT946;
				INFOPLIST_FILE = HelloWorldTests/Info.plist;
				IPHONEOS_DEPLOYMENT_TARGET = 11.4;
				LD_RUNPATH_SEARCH_PATHS = (
					"$(inherited)",
					"@executable_path/Frameworks",
					"@loader_path/Frameworks",
				);
				PRODUCT_BUNDLE_IDENTIFIER = com.bekahbaker.HelloWorldTests;
				PRODUCT_NAME = "$(TARGET_NAME)";
				SWIFT_VERSION = 4.0;
				TARGETED_DEVICE_FAMILY = "1,2";
				TEST_HOST = "$(BUILT_PRODUCTS_DIR)/HelloWorld.app/HelloWorld";
			};
			name = Debug;
		};
		27FEC94820F8E53E000AA151 /* Release */ = {
			isa = XCBuildConfiguration;
			buildSettings = {
				BUNDLE_LOADER = "$(TEST_HOST)";
				CODE_SIGN_STYLE = Automatic;
				DEVELOPMENT_TEAM = Q455MXT946;
				INFOPLIST_FILE = HelloWorldTests/Info.plist;
				IPHONEOS_DEPLOYMENT_TARGET = 11.4;
				LD_RUNPATH_SEARCH_PATHS = (
					"$(inherited)",
					"@executable_path/Frameworks",
					"@loader_path/Frameworks",
				);
				PRODUCT_BUNDLE_IDENTIFIER = com.bekahbaker.HelloWorldTests;
				PRODUCT_NAME = "$(TARGET_NAME)";
				SWIFT_VERSION = 4.0;
				TARGETED_DEVICE_FAMILY = "1,2";
				TEST_HOST = "$(BUILT_PRODUCTS_DIR)/HelloWorld.app/HelloWorld";
			};
			name = Release;
		};
/* End XCBuildConfiguration section */

/* Begin XCConfigurationList section */
		270B7A6320A332BF002B6907 /* Build configuration list for PBXProject "HelloWorld" */ = {
			isa = XCConfigurationList;
			buildConfigurations = (
				270B7A7B20A332C2002B6907 /* Debug */,
				270B7A7C20A332C2002B6907 /* Release */,
			);
			defaultConfigurationIsVisible = 0;
			defaultConfigurationName = Release;
		};
		270B7A7D20A332C2002B6907 /* Build configuration list for PBXNativeTarget "HelloWorld" */ = {
			isa = XCConfigurationList;
			buildConfigurations = (
				270B7A7E20A332C2002B6907 /* Debug */,
				270B7A7F20A332C2002B6907 /* Release */,
			);
			defaultConfigurationIsVisible = 0;
			defaultConfigurationName = Release;
		};
		27FEC94620F8E53E000AA151 /* Build configuration list for PBXNativeTarget "HelloWorldTests" */ = {
			isa = XCConfigurationList;
			buildConfigurations = (
				27FEC94720F8E53E000AA151 /* Debug */,
				27FEC94820F8E53E000AA151 /* Release */,
			);
			defaultConfigurationIsVisible = 0;
			defaultConfigurationName = Release;
		};
/* End XCConfigurationList section */

/* Begin XCVersionGroup section */
		270B7A7220A332BF002B6907 /* HelloWorld.xcdatamodeld */ = {
			isa = XCVersionGroup;
			children = (
				270B7A7320A332BF002B6907 /* HelloWorld.xcdatamodel */,
			);
			currentVersion = 270B7A7320A332BF002B6907 /* HelloWorld.xcdatamodel */;
			path = HelloWorld.xcdatamodeld;
			sourceTree = "<group>";
			versionGroupType = wrapper.xcdatamodel;
		};
/* End XCVersionGroup section */
	};
	rootObject = 270B7A6020A332BF002B6907 /* Project object */;
}
